
Microsoft Visual Studio Solution File, Format Version 12.00
Project("{2150E333-8FDC-42A3-9474-1A3956D46DE8}") = "src", "src", "{F0D0344C-74FA-40F6-856D-5F92B80CDF65}"
EndProject
Project("{2150E333-8FDC-42A3-9474-1A3956D46DE8}") = "samples", "samples", "{E8E8EE16-518D-4D2F-8497-9774B9466971}"
EndProject
Project("{2150E333-8FDC-42A3-9474-1A3956D46DE8}") = "docs", "docs", "{5F4B6A3B-7E4F-4B0A-8A0A-8A4AE2AEB044}"
	ProjectSection(SolutionItems) = preProject
		docs\consumer.md = docs\consumer.md
		docs\producer.md = docs\producer.md
	EndProjectSection
EndProject
Project("{FAE04EC0-301F-11D3-BF4B-00C04F79EFBC}") = "Simple.Kafka.Sample", "samples\Simple.Kafka.Sample\Simple.Kafka.Sample.csproj", "{869983C7-ABB9-44FD-B040-8A4AE2AEB044}"
EndProject
Project("{FAE04EC0-301F-11D3-BF4B-00C04F79EFBC}") = "Simple.Kafka", "src\Simple.Kafka\Simple.Kafka.csproj", "{4CE6BE9E-451F-42EE-B3DA-589D887A1333}"
EndProject
Global
	GlobalSection(SolutionConfigurationPlatforms) = preSolution
		Debug|Any CPU = Debug|Any CPU
		Release|Any CPU = Release|Any CPU
	EndGlobalSection
	GlobalSection(NestedProjects) = preSolution
		{869983C7-ABB9-44FD-B040-8A4AE2AEB044} = {E8E8EE16-518D-4D2F-8497-9774B9466971}
		{4CE6BE9E-451F-42EE-B3DA-589D887A1333} = {F0D0344C-74FA-40F6-856D-5F92B80CDF65}
	EndGlobalSection
	GlobalSection(ProjectConfigurationPlatforms) = postSolution
		{869983C7-ABB9-44FD-B040-8A4AE2AEB044}.Debug|Any CPU.ActiveCfg = Debug|Any CPU
		{869983C7-ABB9-44FD-B040-8A4AE2AEB044}.Debug|Any CPU.Build.0 = Debug|Any CPU
		{869983C7-ABB9-44FD-B040-8A4AE2AEB044}.Release|Any CPU.ActiveCfg = Release|Any CPU
		{869983C7-ABB9-44FD-B040-8A4AE2AEB044}.Release|Any CPU.Build.0 = Release|Any CPU
		{4CE6BE9E-451F-42EE-B3DA-589D887A1333}.Debug|Any CPU.ActiveCfg = Debug|Any CPU
		{4CE6BE9E-451F-42EE-B3DA-589D887A1333}.Debug|Any CPU.Build.0 = Debug|Any CPU
		{4CE6BE9E-451F-42EE-B3DA-589D887A1333}.Release|Any CPU.ActiveCfg = Release|Any CPU
		{4CE6BE9E-451F-42EE-B3DA-589D887A1333}.Release|Any CPU.Build.0 = Release|Any CPU
	EndGlobalSection
EndGlobal
